{
  "requires": true,
  "lockfileVersion": 1,
  "dependencies": {
    "font-proxima-nova": {
      "version": "1.0.1",
      "resolved": "https://registry.npmjs.org/font-proxima-nova/-/font-proxima-nova-1.0.1.tgz",
      "integrity": "sha512-2KJ9QIg2ZhroIWVGS/dQqGFftwbpC2JqZErre4ALz0ZsHpA5S0cmL6GlLVCds4umfCtIyVSzMbXWZMvl8c9w5g=="
    },
    "typeface-montserrat": {
      "version": "0.0.54",
      "resolved": "https://registry.npmjs.org/typeface-montserrat/-/typeface-montserrat-0.0.54.tgz",
      "integrity": "sha512-Typhap0PWT299+Va0G/8ZtycHMXrH4gBWKfiW977KEBx5rXUUCa70gvqLx1fdA0WAo6bhSAQmo8uc+QFAmjPww=="
    },
    "typeface-roboto": {
      "version": "0.0.54",
      "resolved": "https://registry.npmjs.org/typeface-roboto/-/typeface-roboto-0.0.54.tgz",
      "integrity": "sha512-sOFA1FXgP0gOgBYlS6irwq6hHYA370KE3dPlgYEJHL3PJd5X8gQE0RmL79ONif6fL5JZuGDj+rtOrFeOqz5IZQ=="
    }
  }
}
